
Microsoft Visual Studio Solution File, Format Version 12.00
# Visual Studio Version 17
VisualStudioVersion = 17.4.33213.308
MinimumVisualStudioVersion = 10.0.40219.1
Project("{FAE04EC0-301F-11D3-BF4B-00C04F79EFBC}") = "EmployeeAppAPI", "EmployeeAppAPI\EmployeeAppAPI.csproj", "{B4896A78-1CDC-4B6A-98FE-ED84F3C8D17D}"
EndProject
Global
	GlobalSection(SolutionConfigurationPlatforms) = preSolution
		Debug|Any CPU = Debug|Any CPU
		Release|Any CPU = Release|Any CPU
	EndGlobalSection
	GlobalSection(ProjectConfigurationPlatforms) = postSolution
		{B4896A78-1CDC-4B6A-98FE-ED84F3C8D17D}.Debug|Any CPU.ActiveCfg = Debug|Any CPU
		{B4896A78-1CDC-4B6A-98FE-ED84F3C8D17D}.Debug|Any CPU.Build.0 = Debug|Any CPU
		{B4896A78-1CDC-4B6A-98FE-ED84F3C8D17D}.Release|Any CPU.ActiveCfg = Release|Any CPU
		{B4896A78-1CDC-4B6A-98FE-ED84F3C8D17D}.Release|Any CPU.Build.0 = Release|Any CPU
	EndGlobalSection
	GlobalSection(SolutionProperties) = preSolution
		HideSolutionNode = FALSE
	EndGlobalSection
	GlobalSection(ExtensibilityGlobals) = postSolution
		SolutionGuid = {E8117762-9EE6-4161-8B28-88852A2E02B5}
	EndGlobalSection
EndGlobal
